
Microsoft Visual Studio Solution File, Format Version 12.00
# Visual Studio Version 16
VisualStudioVersion = 16.0.29609.76
MinimumVisualStudioVersion = 15.0.26124.0
Project("{9A19103F-16F7-4668-BE54-9A1E7A4F7556}") = "ControleFinanceiro.WebAPI", "ControleFinanceiro.WebAPI\ControleFinanceiro.WebAPI.csproj", "{0DE05799-6D6F-433A-A1C8-C8655AA49A24}"
EndProject
Project("{9A19103F-16F7-4668-BE54-9A1E7A4F7556}") = "ControleFinanceiro.Models", "ControleFinanceiro.Models\ControleFinanceiro.Models.csproj", "{1B67EBA4-1C77-411E-86D0-715068A35BBD}"
EndProject
Project("{9A19103F-16F7-4668-BE54-9A1E7A4F7556}") = "ControleFinanceiro.DAL", "ControleFinanceiro.DAL\ControleFinanceiro.DAL.csproj", "{69FBF69D-3B71-4A48-AFAE-8796FD57A402}"
EndProject
Project("{9A19103F-16F7-4668-BE54-9A1E7A4F7556}") = "ControleFinanceiro.Seguranca", "ControleFinanceiro.Seguranca\ControleFinanceiro.Seguranca.csproj", "{82B48EF9-217A-46CA-9FC5-75C0989C5CCF}"
EndProject
Project("{9A19103F-16F7-4668-BE54-9A1E7A4F7556}") = "ControleFinanceiro.Logging", "ControleFinanceiro.Logging\ControleFinanceiro.Logging.csproj", "{2701765C-6164-4C04-9DA0-170862A9FE2A}"
EndProject
Project("{2150E333-8FDC-42A3-9474-1A3956D46DE8}") = "Testes", "Testes", "{B53F5FEE-48D2-4867-8213-479BBA99AD05}"
EndProject
Project("{9A19103F-16F7-4668-BE54-9A1E7A4F7556}") = "ControleFinanceiro.Testes", "ControleFinanceiro.Testes\ControleFinanceiro.Testes.csproj", "{865FFB80-14BA-4091-BC5A-63F8B5ACC21A}"
EndProject
Project("{FAE04EC0-301F-11D3-BF4B-00C04F79EFBC}") = "ControleFinanceiro.Helpers", "ControleFinanceiro.Helpers\ControleFinanceiro.Helpers.csproj", "{5882DA55-9CBD-49B6-837E-7FF39D5B1E7B}"
EndProject
Global
	GlobalSection(SolutionConfigurationPlatforms) = preSolution
		Debug|Any CPU = Debug|Any CPU
		Debug|x64 = Debug|x64
		Debug|x86 = Debug|x86
		Release|Any CPU = Release|Any CPU
		Release|x64 = Release|x64
		Release|x86 = Release|x86
	EndGlobalSection
	GlobalSection(ProjectConfigurationPlatforms) = postSolution
		{0DE05799-6D6F-433A-A1C8-C8655AA49A24}.Debug|Any CPU.ActiveCfg = Debug|Any CPU
		{0DE05799-6D6F-433A-A1C8-C8655AA49A24}.Debug|Any CPU.Build.0 = Debug|Any CPU
		{0DE05799-6D6F-433A-A1C8-C8655AA49A24}.Debug|x64.ActiveCfg = Debug|Any CPU
		{0DE05799-6D6F-433A-A1C8-C8655AA49A24}.Debug|x64.Build.0 = Debug|Any CPU
		{0DE05799-6D6F-433A-A1C8-C8655AA49A24}.Debug|x86.ActiveCfg = Debug|Any CPU
		{0DE05799-6D6F-433A-A1C8-C8655AA49A24}.Debug|x86.Build.0 = Debug|Any CPU
		{0DE05799-6D6F-433A-A1C8-C8655AA49A24}.Release|Any CPU.ActiveCfg = Release|Any CPU
		{0DE05799-6D6F-433A-A1C8-C8655AA49A24}.Release|Any CPU.Build.0 = Release|Any CPU
		{0DE05799-6D6F-433A-A1C8-C8655AA49A24}.Release|x64.ActiveCfg = Release|Any CPU
		{0DE05799-6D6F-433A-A1C8-C8655AA49A24}.Release|x64.Build.0 = Release|Any CPU
		{0DE05799-6D6F-433A-A1C8-C8655AA49A24}.Release|x86.ActiveCfg = Release|Any CPU
		{0DE05799-6D6F-433A-A1C8-C8655AA49A24}.Release|x86.Build.0 = Release|Any CPU
		{1B67EBA4-1C77-411E-86D0-715068A35BBD}.Debug|Any CPU.ActiveCfg = Debug|Any CPU
		{1B67EBA4-1C77-411E-86D0-715068A35BBD}.Debug|Any CPU.Build.0 = Debug|Any CPU
		{1B67EBA4-1C77-411E-86D0-715068A35BBD}.Debug|x64.ActiveCfg = Debug|Any CPU
		{1B67EBA4-1C77-411E-86D0-715068A35BBD}.Debug|x64.Build.0 = Debug|Any CPU
		{1B67EBA4-1C77-411E-86D0-715068A35BBD}.Debug|x86.ActiveCfg = Debug|Any CPU
		{1B67EBA4-1C77-411E-86D0-715068A35BBD}.Debug|x86.Build.0 = Debug|Any CPU
		{1B67EBA4-1C77-411E-86D0-715068A35BBD}.Release|Any CPU.ActiveCfg = Release|Any CPU
		{1B67EBA4-1C77-411E-86D0-715068A35BBD}.Release|Any CPU.Build.0 = Release|Any CPU
		{1B67EBA4-1C77-411E-86D0-715068A35BBD}.Release|x64.ActiveCfg = Release|Any CPU
		{1B67EBA4-1C77-411E-86D0-715068A35BBD}.Release|x64.Build.0 = Release|Any CPU
		{1B67EBA4-1C77-411E-86D0-715068A35BBD}.Release|x86.ActiveCfg = Release|Any CPU
		{1B67EBA4-1C77-411E-86D0-715068A35BBD}.Release|x86.Build.0 = Release|Any CPU
		{69FBF69D-3B71-4A48-AFAE-8796FD57A402}.Debug|Any CPU.ActiveCfg = Debug|Any CPU
		{69FBF69D-3B71-4A48-AFAE-8796FD57A402}.Debug|Any CPU.Build.0 = Debug|Any CPU
		{69FBF69D-3B71-4A48-AFAE-8796FD57A402}.Debug|x64.ActiveCfg = Debug|Any CPU
		{69FBF69D-3B71-4A48-AFAE-8796FD57A402}.Debug|x64.Build.0 = Debug|Any CPU
		{69FBF69D-3B71-4A48-AFAE-8796FD57A402}.Debug|x86.ActiveCfg = Debug|Any CPU
		{69FBF69D-3B71-4A48-AFAE-8796FD57A402}.Debug|x86.Build.0 = Debug|Any CPU
		{69FBF69D-3B71-4A48-AFAE-8796FD57A402}.Release|Any CPU.ActiveCfg = Release|Any CPU
		{69FBF69D-3B71-4A48-AFAE-8796FD57A402}.Release|Any CPU.Build.0 = Release|Any CPU
		{69FBF69D-3B71-4A48-AFAE-8796FD57A402}.Release|x64.ActiveCfg = Release|Any CPU
		{69FBF69D-3B71-4A48-AFAE-8796FD57A402}.Release|x64.Build.0 = Release|Any CPU
		{69FBF69D-3B71-4A48-AFAE-8796FD57A402}.Release|x86.ActiveCfg = Release|Any CPU
		{69FBF69D-3B71-4A48-AFAE-8796FD57A402}.Release|x86.Build.0 = Release|Any CPU
		{82B48EF9-217A-46CA-9FC5-75C0989C5CCF}.Debug|Any CPU.ActiveCfg = Debug|Any CPU
		{82B48EF9-217A-46CA-9FC5-75C0989C5CCF}.Debug|Any CPU.Build.0 = Debug|Any CPU
		{82B48EF9-217A-46CA-9FC5-75C0989C5CCF}.Debug|x64.ActiveCfg = Debug|Any CPU
		{82B48EF9-217A-46CA-9FC5-75C0989C5CCF}.Debug|x64.Build.0 = Debug|Any CPU
		{82B48EF9-217A-46CA-9FC5-75C0989C5CCF}.Debug|x86.ActiveCfg = Debug|Any CPU
		{82B48EF9-217A-46CA-9FC5-75C0989C5CCF}.Debug|x86.Build.0 = Debug|Any CPU
		{82B48EF9-217A-46CA-9FC5-75C0989C5CCF}.Release|Any CPU.ActiveCfg = Release|Any CPU
		{82B48EF9-217A-46CA-9FC5-75C0989C5CCF}.Release|Any CPU.Build.0 = Release|Any CPU
		{82B48EF9-217A-46CA-9FC5-75C0989C5CCF}.Release|x64.ActiveCfg = Release|Any CPU
		{82B48EF9-217A-46CA-9FC5-75C0989C5CCF}.Release|x64.Build.0 = Release|Any CPU
		{82B48EF9-217A-46CA-9FC5-75C0989C5CCF}.Release|x86.ActiveCfg = Release|Any CPU
		{82B48EF9-217A-46CA-9FC5-75C0989C5CCF}.Release|x86.Build.0 = Release|Any CPU
		{2701765C-6164-4C04-9DA0-170862A9FE2A}.Debug|Any CPU.ActiveCfg = Debug|Any CPU
		{2701765C-6164-4C04-9DA0-170862A9FE2A}.Debug|Any CPU.Build.0 = Debug|Any CPU
		{2701765C-6164-4C04-9DA0-170862A9FE2A}.Debug|x64.ActiveCfg = Debug|Any CPU
		{2701765C-6164-4C04-9DA0-170862A9FE2A}.Debug|x64.Build.0 = Debug|Any CPU
		{2701765C-6164-4C04-9DA0-170862A9FE2A}.Debug|x86.ActiveCfg = Debug|Any CPU
		{2701765C-6164-4C04-9DA0-170862A9FE2A}.Debug|x86.Build.0 = Debug|Any CPU
		{2701765C-6164-4C04-9DA0-170862A9FE2A}.Release|Any CPU.ActiveCfg = Release|Any CPU
		{2701765C-6164-4C04-9DA0-170862A9FE2A}.Release|Any CPU.Build.0 = Release|Any CPU
		{2701765C-6164-4C04-9DA0-170862A9FE2A}.Release|x64.ActiveCfg = Release|Any CPU
		{2701765C-6164-4C04-9DA0-170862A9FE2A}.Release|x64.Build.0 = Release|Any CPU
		{2701765C-6164-4C04-9DA0-170862A9FE2A}.Release|x86.ActiveCfg = Release|Any CPU
		{2701765C-6164-4C04-9DA0-170862A9FE2A}.Release|x86.Build.0 = Release|Any CPU
		{865FFB80-14BA-4091-BC5A-63F8B5ACC21A}.Debug|Any CPU.ActiveCfg = Debug|Any CPU
		{865FFB80-14BA-4091-BC5A-63F8B5ACC21A}.Debug|Any CPU.Build.0 = Debug|Any CPU
		{865FFB80-14BA-4091-BC5A-63F8B5ACC21A}.Debug|x64.ActiveCfg = Debug|Any CPU
		{865FFB80-14BA-4091-BC5A-63F8B5ACC21A}.Debug|x64.Build.0 = Debug|Any CPU
		{865FFB80-14BA-4091-BC5A-63F8B5ACC21A}.Debug|x86.ActiveCfg = Debug|Any CPU
		{865FFB80-14BA-4091-BC5A-63F8B5ACC21A}.Debug|x86.Build.0 = Debug|Any CPU
		{865FFB80-14BA-4091-BC5A-63F8B5ACC21A}.Release|Any CPU.ActiveCfg = Release|Any CPU
		{865FFB80-14BA-4091-BC5A-63F8B5ACC21A}.Release|Any CPU.Build.0 = Release|Any CPU
		{865FFB80-14BA-4091-BC5A-63F8B5ACC21A}.Release|x64.ActiveCfg = Release|Any CPU
		{865FFB80-14BA-4091-BC5A-63F8B5ACC21A}.Release|x64.Build.0 = Release|Any CPU
		{865FFB80-14BA-4091-BC5A-63F8B5ACC21A}.Release|x86.ActiveCfg = Release|Any CPU
		{865FFB80-14BA-4091-BC5A-63F8B5ACC21A}.Release|x86.Build.0 = Release|Any CPU
		{5882DA55-9CBD-49B6-837E-7FF39D5B1E7B}.Debug|Any CPU.ActiveCfg = Debug|Any CPU
		{5882DA55-9CBD-49B6-837E-7FF39D5B1E7B}.Debug|Any CPU.Build.0 = Debug|Any CPU
		{5882DA55-9CBD-49B6-837E-7FF39D5B1E7B}.Debug|x64.ActiveCfg = Debug|Any CPU
		{5882DA55-9CBD-49B6-837E-7FF39D5B1E7B}.Debug|x64.Build.0 = Debug|Any CPU
		{5882DA55-9CBD-49B6-837E-7FF39D5B1E7B}.Debug|x86.ActiveCfg = Debug|Any CPU
		{5882DA55-9CBD-49B6-837E-7FF39D5B1E7B}.Debug|x86.Build.0 = Debug|Any CPU
		{5882DA55-9CBD-49B6-837E-7FF39D5B1E7B}.Release|Any CPU.ActiveCfg = Release|Any CPU
		{5882DA55-9CBD-49B6-837E-7FF39D5B1E7B}.Release|Any CPU.Build.0 = Release|Any CPU
		{5882DA55-9CBD-49B6-837E-7FF39D5B1E7B}.Release|x64.ActiveCfg = Release|Any CPU
		{5882DA55-9CBD-49B6-837E-7FF39D5B1E7B}.Release|x64.Build.0 = Release|Any CPU
		{5882DA55-9CBD-49B6-837E-7FF39D5B1E7B}.Release|x86.ActiveCfg = Release|Any CPU
		{5882DA55-9CBD-49B6-837E-7FF39D5B1E7B}.Release|x86.Build.0 = Release|Any CPU
	EndGlobalSection
	GlobalSection(SolutionProperties) = preSolution
		HideSolutionNode = FALSE
	EndGlobalSection
	GlobalSection(NestedProjects) = preSolution
		{865FFB80-14BA-4091-BC5A-63F8B5ACC21A} = {B53F5FEE-48D2-4867-8213-479BBA99AD05}
	EndGlobalSection
	GlobalSection(ExtensibilityGlobals) = postSolution
		SolutionGuid = {0AF0C807-0319-4BE5-994D-932C0FCD2027}
	EndGlobalSection
EndGlobal
